
Microsoft Visual Studio Solution File, Format Version 12.00
# Visual Studio Version 16
VisualStudioVersion = 16.0.31624.102
MinimumVisualStudioVersion = 10.0.40219.1
Project("{FAE04EC0-301F-11D3-BF4B-00C04F79EFBC}") = "8086Sim", "8086Sim\8086Sim.csproj", "{A89A7614-34E8-48DA-A0D1-9B6E0A448B46}"
EndProject
Global
	GlobalSection(SolutionConfigurationPlatforms) = preSolution
		Debug|Any CPU = Debug|Any CPU
		Release|Any CPU = Release|Any CPU
	EndGlobalSection
	GlobalSection(ProjectConfigurationPlatforms) = postSolution
		{A89A7614-34E8-48DA-A0D1-9B6E0A448B46}.Debug|Any CPU.ActiveCfg = Debug|Any CPU
		{A89A7614-34E8-48DA-A0D1-9B6E0A448B46}.Debug|Any CPU.Build.0 = Debug|Any CPU
		{A89A7614-34E8-48DA-A0D1-9B6E0A448B46}.Release|Any CPU.ActiveCfg = Release|Any CPU
		{A89A7614-34E8-48DA-A0D1-9B6E0A448B46}.Release|Any CPU.Build.0 = Release|Any CPU
	EndGlobalSection
	GlobalSection(SolutionProperties) = preSolution
		HideSolutionNode = FALSE
	EndGlobalSection
	GlobalSection(ExtensibilityGlobals) = postSolution
		SolutionGuid = {10CA6622-E058-4CAF-9677-96702C7F0EB0}
	EndGlobalSection
EndGlobal
